{
  "version": "3",
  "packages": {
    "specifiers": {
      "jsr:@davidbonnet/astring@1.8.6": "jsr:@davidbonnet/astring@1.8.6",
      "jsr:@hono/hono@4.5.0": "jsr:@hono/hono@4.5.0",
      "jsr:@std/cli@0.224.7": "jsr:@std/cli@0.224.7",
      "jsr:@std/cli@^0.224.7": "jsr:@std/cli@0.224.7",
      "jsr:@std/collections@^1.0.4": "jsr:@std/collections@1.0.5",
      "jsr:@std/crypto@1.0.1": "jsr:@std/crypto@1.0.1",
      "jsr:@std/encoding@1.0.0-rc.2": "jsr:@std/encoding@1.0.0-rc.2",
      "jsr:@std/encoding@1.0.1": "jsr:@std/encoding@1.0.1",
      "jsr:@std/fmt@0.225.6": "jsr:@std/fmt@0.225.6",
      "jsr:@std/fmt@^0.225.4": "jsr:@std/fmt@0.225.6",
      "jsr:@std/fmt@^1.0.0-rc.1": "jsr:@std/fmt@1.0.0-rc.1",
      "jsr:@std/front-matter@0.224.3": "jsr:@std/front-matter@0.224.3",
      "jsr:@std/fs@0.229.3": "jsr:@std/fs@0.229.3",
      "jsr:@std/fs@^1.0.0-rc.5": "jsr:@std/fs@1.0.0-rc.6",
      "jsr:@std/html@1.0.0": "jsr:@std/html@1.0.0",
      "jsr:@std/http@0.224.5": "jsr:@std/http@0.224.5",
      "jsr:@std/io@^0.224.3": "jsr:@std/io@0.224.3",
      "jsr:@std/json@^1.0.0-rc.1": "jsr:@std/json@1.0.0-rc.3",
      "jsr:@std/jsonc@0.224.3": "jsr:@std/jsonc@0.224.3",
      "jsr:@std/log@0.224.5": "jsr:@std/log@0.224.5",
      "jsr:@std/media-types@1.0.1": "jsr:@std/media-types@1.0.1",
      "jsr:@std/media-types@^1.0.0-rc.1": "jsr:@std/media-types@1.0.1",
      "jsr:@std/net@^0.224.3": "jsr:@std/net@0.224.5",
      "jsr:@std/path@1.0.0": "jsr:@std/path@1.0.0",
      "jsr:@std/path@1.0.0-rc.1": "jsr:@std/path@1.0.0-rc.1",
      "jsr:@std/path@1.0.0-rc.2": "jsr:@std/path@1.0.0-rc.2",
      "jsr:@std/streams@^0.224.5": "jsr:@std/streams@0.224.5",
      "jsr:@std/toml@1.0.0": "jsr:@std/toml@1.0.0",
      "jsr:@std/toml@^1.0.0-rc.3": "jsr:@std/toml@1.0.0",
      "jsr:@std/yaml@0.224.3": "jsr:@std/yaml@0.224.3",
      "jsr:@std/yaml@^1.0.0-rc.1": "jsr:@std/yaml@1.0.0-rc.4",
      "npm:@js-temporal/polyfill@0.4.4": "npm:@js-temporal/polyfill@0.4.4",
      "npm:@types/estree@1.0.5": "npm:@types/estree@1.0.5",
      "npm:autoprefixer@10.4.19": "npm:autoprefixer@10.4.19_postcss@8.4.39",
      "npm:estree-walker@3.0.3": "npm:estree-walker@3.0.3",
      "npm:markdown-it-attrs@4.1.6": "npm:markdown-it-attrs@4.1.6_markdown-it@14.1.0",
      "npm:markdown-it-deflist@3.0.0": "npm:markdown-it-deflist@3.0.0",
      "npm:markdown-it@14.1.0": "npm:markdown-it@14.1.0",
      "npm:meriyah@4.5.0": "npm:meriyah@4.5.0",
      "npm:postcss-import@16.1.0": "npm:postcss-import@16.1.0_postcss@8.4.39",
      "npm:postcss@8.4.39": "npm:postcss@8.4.39",
      "npm:sass@1.77.8": "npm:sass@1.77.8",
      "npm:terser@5.31.3": "npm:terser@5.31.3"
    },
    "jsr": {
      "@davidbonnet/astring@1.8.6": {
        "integrity": "98b4914c8863cdf8c0ff83bb5c528caa67a8dca6020ad6234113499f00583e3a"
      },
      "@hono/hono@4.5.0": {
        "integrity": "4a410f7773ac4b5b0eb4520b26c7ab7795a271d57a9df7fa1953ded6b90ccaf7"
      },
      "@std/cli@0.224.7": {
        "integrity": "654ca6477518e5e3a0d3fabafb2789e92b8c0febf1a1d24ba4b567aba94b5977"
      },
      "@std/collections@1.0.5": {
        "integrity": "ab9eac23b57a0c0b89ba45134e61561f69f3d001f37235a248ed40be260c0c10"
      },
      "@std/crypto@1.0.1": {
        "integrity": "5d60e6412b2ce61193e2bb622cba02d34890b3d8c4eef3312e499a77329a6f94"
      },
      "@std/encoding@1.0.0-rc.2": {
        "integrity": "160d7674a20ebfbccdf610b3801fee91cf6e42d1c106dd46bbaf46e395cd35ef"
      },
      "@std/encoding@1.0.1": {
        "integrity": "5955c6c542ebb4ce6587c3b548dc71e07a6c27614f1976d1d3887b1196cf4e65"
      },
      "@std/fmt@0.225.6": {
        "integrity": "aba6aea27f66813cecfd9484e074a9e9845782ab0685c030e453a8a70b37afc8"
      },
      "@std/fmt@1.0.0-rc.1": {
        "integrity": "3dbbd12f1704c62b5bd33c9ff928c8df47cd5c75f6637201a8c21298b28e43bc"
      },
      "@std/front-matter@0.224.3": {
        "integrity": "983e98b6fc90d614540d2176350e4edf7b6ec067b384c03245e2e795b66de9bb",
        "dependencies": [
          "jsr:@std/toml@^1.0.0-rc.3",
          "jsr:@std/yaml@^1.0.0-rc.1"
        ]
      },
      "@std/fs@0.229.3": {
        "integrity": "783bca21f24da92e04c3893c9e79653227ab016c48e96b3078377ebd5222e6eb",
        "dependencies": [
          "jsr:@std/path@1.0.0-rc.1"
        ]
      },
      "@std/fs@1.0.0-rc.6": {
        "integrity": "289d4844694b016b15a3d9e7559f5a7ad47c8a5ef83e612a35629ae217f6ebf6"
      },
      "@std/html@1.0.0": {
        "integrity": "389f2b8b0021ee75966003b307b849813a300d1c554cef8d69aec2d5d3922ff9"
      },
      "@std/http@0.224.5": {
        "integrity": "b03b5d1529f6c423badfb82f6640f9f2557b4034cd7c30655ba5bb447ff750a4",
        "dependencies": [
          "jsr:@std/cli@^0.224.7",
          "jsr:@std/encoding@1.0.0-rc.2",
          "jsr:@std/fmt@^0.225.4",
          "jsr:@std/media-types@^1.0.0-rc.1",
          "jsr:@std/net@^0.224.3",
          "jsr:@std/path@1.0.0-rc.2",
          "jsr:@std/streams@^0.224.5"
        ]
      },
      "@std/io@0.224.3": {
        "integrity": "b402edeb99c6b3778d9ae3e9927bc9085b170b41e5a09bbb7064ab2ee394ae2f"
      },
      "@std/json@1.0.0-rc.3": {
        "integrity": "9518f6d538c5ba6ca560234bc97e3a03a9f3159b988dd722c9eaa9dc0a665f4f"
      },
      "@std/jsonc@0.224.3": {
        "integrity": "c10770a31489f5b85a3562d9b107c497666d8b6a49291ee2711d84da2616c2d6",
        "dependencies": [
          "jsr:@std/json@^1.0.0-rc.1"
        ]
      },
      "@std/log@0.224.5": {
        "integrity": "4612a45189438441bbd923a4cad1cce5c44c6c4a039195a3e8d831ce38894eee",
        "dependencies": [
          "jsr:@std/fmt@^1.0.0-rc.1",
          "jsr:@std/fs@^1.0.0-rc.5",
          "jsr:@std/io@^0.224.3"
        ]
      },
      "@std/media-types@1.0.1": {
        "integrity": "f2ddc3497be0bd87ac0c9b9b26bb454f76bdc45e1b9a12146af47fab3ba2828c"
      },
      "@std/net@0.224.5": {
        "integrity": "9c2ae90a5c3dc7771da5ae5e13b6f7d5d0b316c1954c5d53f2bfc1129fb757ff"
      },
      "@std/path@1.0.0": {
        "integrity": "77fcb858b6e38777d1154df0f02245ba0b07e2c40ca3c0eec57c9233188c2d21"
      },
      "@std/path@1.0.0-rc.1": {
        "integrity": "b8c00ae2f19106a6bb7cbf1ab9be52aa70de1605daeb2dbdc4f87a7cbaf10ff6"
      },
      "@std/path@1.0.0-rc.2": {
        "integrity": "39f20d37a44d1867abac8d91c169359ea6e942237a45a99ee1e091b32b921c7d"
      },
      "@std/streams@0.224.5": {
        "integrity": "bcde7818dd5460d474cdbd674b15f6638b9cd73cd64e52bd852fba2bd4d8ec91"
      },
      "@std/toml@1.0.0": {
        "integrity": "c9e37564eedd84084871c66238e00196ec67aa958e09a7f761b3f36273a7a8a5",
        "dependencies": [
          "jsr:@std/collections@^1.0.4"
        ]
      },
      "@std/yaml@0.224.3": {
        "integrity": "9da1ed0094f42ba24570b4d88a094b44a793ac7f2bc085c1939d3ac7e11cc0bb"
      },
      "@std/yaml@1.0.0-rc.4": {
        "integrity": "dd0aecddba72d12fff70d56b0211c448ccc4788a643b533116d4f80813929b00"
      }
    },
    "npm": {
      "@jridgewell/gen-mapping@0.3.5": {
        "integrity": "sha512-IzL8ZoEDIBRWEzlCcRhOaCupYyN5gdIK+Q6fbFdPDg6HqX6jpkItn7DFIpW9LQzXG6Df9sA7+OKnq0qlz/GaQg==",
        "dependencies": {
          "@jridgewell/set-array": "@jridgewell/set-array@1.2.1",
          "@jridgewell/sourcemap-codec": "@jridgewell/sourcemap-codec@1.5.0",
          "@jridgewell/trace-mapping": "@jridgewell/trace-mapping@0.3.25"
        }
      },
      "@jridgewell/resolve-uri@3.1.2": {
        "integrity": "sha512-bRISgCIjP20/tbWSPWMEi54QVPRZExkuD9lJL+UIxUKtwVJA8wW1Trb1jMs1RFXo1CBTNZ/5hpC9QvmKWdopKw==",
        "dependencies": {}
      },
      "@jridgewell/set-array@1.2.1": {
        "integrity": "sha512-R8gLRTZeyp03ymzP/6Lil/28tGeGEzhx1q2k703KGWRAI1VdvPIXdG70VJc2pAMw3NA6JKL5hhFu1sJX0Mnn/A==",
        "dependencies": {}
      },
      "@jridgewell/source-map@0.3.6": {
        "integrity": "sha512-1ZJTZebgqllO79ue2bm3rIGud/bOe0pP5BjSRCRxxYkEZS8STV7zN84UBbiYu7jy+eCKSnVIUgoWWE/tt+shMQ==",
        "dependencies": {
          "@jridgewell/gen-mapping": "@jridgewell/gen-mapping@0.3.5",
          "@jridgewell/trace-mapping": "@jridgewell/trace-mapping@0.3.25"
        }
      },
      "@jridgewell/sourcemap-codec@1.5.0": {
        "integrity": "sha512-gv3ZRaISU3fjPAgNsriBRqGWQL6quFx04YMPW/zD8XMLsU32mhCCbfbO6KZFLjvYpCZ8zyDEgqsgf+PwPaM7GQ==",
        "dependencies": {}
      },
      "@jridgewell/trace-mapping@0.3.25": {
        "integrity": "sha512-vNk6aEwybGtawWmy/PzwnGDOjCkLWSD2wqvjGGAgOAwCGWySYXfYoxt00IJkTF+8Lb57DwOb3Aa0o9CApepiYQ==",
        "dependencies": {
          "@jridgewell/resolve-uri": "@jridgewell/resolve-uri@3.1.2",
          "@jridgewell/sourcemap-codec": "@jridgewell/sourcemap-codec@1.5.0"
        }
      },
      "@js-temporal/polyfill@0.4.4": {
        "integrity": "sha512-2X6bvghJ/JAoZO52lbgyAPFj8uCflhTo2g7nkFzEQdXd/D8rEeD4HtmTEpmtGCva260fcd66YNXBOYdnmHqSOg==",
        "dependencies": {
          "jsbi": "jsbi@4.3.0",
          "tslib": "tslib@2.6.3"
        }
      },
      "@types/estree@1.0.5": {
        "integrity": "sha512-/kYRxGDLWzHOB7q+wtSUQlFrtcdUccpfy+X+9iMBpHK8QLLhx2wIPYuS5DYtR9Wa/YlZAbIovy7qVdB1Aq6Lyw==",
        "dependencies": {}
      },
      "acorn@8.12.1": {
        "integrity": "sha512-tcpGyI9zbizT9JbV6oYE477V6mTlXvvi0T0G3SNIYE2apm/G5huBa1+K89VGeovbg+jycCrfhl3ADxErOuO6Jg==",
        "dependencies": {}
      },
      "anymatch@3.1.3": {
        "integrity": "sha512-KMReFUr0B4t+D+OBkjR3KYqvocp2XaSzO55UcB6mgQMd3KbcE+mWTyvVV7D/zsdEbNnV6acZUutkiHQXvTr1Rw==",
        "dependencies": {
          "normalize-path": "normalize-path@3.0.0",
          "picomatch": "picomatch@2.3.1"
        }
      },
      "argparse@2.0.1": {
        "integrity": "sha512-8+9WqebbFzpX9OR+Wa6O29asIogeRMzcGtAINdpMHHyAg10f05aSFVBbcEqGf/PXw1EjAZ+q2/bEBg3DvurK3Q==",
        "dependencies": {}
      },
      "autoprefixer@10.4.19_postcss@8.4.39": {
        "integrity": "sha512-BaENR2+zBZ8xXhM4pUaKUxlVdxZ0EZhjvbopwnXmxRUfqDmwSpC2lAi/QXvx7NRdPCo1WKEcEF6mV64si1z4Ew==",
        "dependencies": {
          "browserslist": "browserslist@4.23.2",
          "caniuse-lite": "caniuse-lite@1.0.30001643",
          "fraction.js": "fraction.js@4.3.7",
          "normalize-range": "normalize-range@0.1.2",
          "picocolors": "picocolors@1.0.1",
          "postcss": "postcss@8.4.39",
          "postcss-value-parser": "postcss-value-parser@4.2.0"
        }
      },
      "binary-extensions@2.3.0": {
        "integrity": "sha512-Ceh+7ox5qe7LJuLHoY0feh3pHuUDHAcRUeyL2VYghZwfpkNIy/+8Ocg0a3UuSoYzavmylwuLWQOf3hl0jjMMIw==",
        "dependencies": {}
      },
      "braces@3.0.3": {
        "integrity": "sha512-yQbXgO/OSZVD2IsiLlro+7Hf6Q18EJrKSEsdoMzKePKXct3gvD8oLcOQdIzGupr5Fj+EDe8gO/lxc1BzfMpxvA==",
        "dependencies": {
          "fill-range": "fill-range@7.1.1"
        }
      },
      "browserslist@4.23.2": {
        "integrity": "sha512-qkqSyistMYdxAcw+CzbZwlBy8AGmS/eEWs+sEV5TnLRGDOL+C5M2EnH6tlZyg0YoAxGJAFKh61En9BR941GnHA==",
        "dependencies": {
          "caniuse-lite": "caniuse-lite@1.0.30001643",
          "electron-to-chromium": "electron-to-chromium@1.4.832",
          "node-releases": "node-releases@2.0.17",
          "update-browserslist-db": "update-browserslist-db@1.1.0_browserslist@4.23.2"
        }
      },
      "buffer-from@1.1.2": {
        "integrity": "sha512-E+XQCRwSbaaiChtv6k6Dwgc+bx+Bs6vuKJHHl5kox/BaKbhiXzqQOwK4cO22yElGp2OCmjwVhT3HmxgyPGnJfQ==",
        "dependencies": {}
      },
      "caniuse-lite@1.0.30001643": {
        "integrity": "sha512-ERgWGNleEilSrHM6iUz/zJNSQTP8Mr21wDWpdgvRwcTXGAq6jMtOUPP4dqFPTdKqZ2wKTdtB+uucZ3MRpAUSmg==",
        "dependencies": {}
      },
      "chokidar@3.6.0": {
        "integrity": "sha512-7VT13fmjotKpGipCW9JEQAusEPE+Ei8nl6/g4FBAmIm0GOOLMua9NDDo/DWp0ZAxCr3cPq5ZpBqmPAQgDda2Pw==",
        "dependencies": {
          "anymatch": "anymatch@3.1.3",
          "braces": "braces@3.0.3",
          "fsevents": "fsevents@2.3.3",
          "glob-parent": "glob-parent@5.1.2",
          "is-binary-path": "is-binary-path@2.1.0",
          "is-glob": "is-glob@4.0.3",
          "normalize-path": "normalize-path@3.0.0",
          "readdirp": "readdirp@3.6.0"
        }
      },
      "commander@2.20.3": {
        "integrity": "sha512-GpVkmM8vF2vQUkj2LvZmD35JxeJOLCwJ9cUkugyk2nuhbv3+mJvpLYYt+0+USMxE+oj+ey/lJEnhZw75x/OMcQ==",
        "dependencies": {}
      },
      "electron-to-chromium@1.4.832": {
        "integrity": "sha512-cTen3SB0H2SGU7x467NRe1eVcQgcuS6jckKfWJHia2eo0cHIGOqHoAxevIYZD4eRHcWjkvFzo93bi3vJ9W+1lA==",
        "dependencies": {}
      },
      "entities@4.5.0": {
        "integrity": "sha512-V0hjH4dGPh9Ao5p0MoRY6BVqtwCjhz6vI5LT8AJ55H+4g9/4vbHx1I54fS0XuclLhDHArPQCiMjDxjaL8fPxhw==",
        "dependencies": {}
      },
      "escalade@3.1.2": {
        "integrity": "sha512-ErCHMCae19vR8vQGe50xIsVomy19rg6gFu3+r3jkEO46suLMWBksvVyoGgQV+jOfl84ZSOSlmv6Gxa89PmTGmA==",
        "dependencies": {}
      },
      "estree-walker@3.0.3": {
        "integrity": "sha512-7RUKfXgSMMkzt6ZuXmqapOurLGPPfgj6l9uRZ7lRGolvk0y2yocc35LdcxKC5PQZdn2DMqioAQ2NoWcrTKmm6g==",
        "dependencies": {
          "@types/estree": "@types/estree@1.0.5"
        }
      },
      "fill-range@7.1.1": {
        "integrity": "sha512-YsGpe3WHLK8ZYi4tWDg2Jy3ebRz2rXowDxnld4bkQB00cc/1Zw9AWnC0i9ztDJitivtQvaI9KaLyKrc+hBW0yg==",
        "dependencies": {
          "to-regex-range": "to-regex-range@5.0.1"
        }
      },
      "fraction.js@4.3.7": {
        "integrity": "sha512-ZsDfxO51wGAXREY55a7la9LScWpwv9RxIrYABrlvOFBlH/ShPnrtsXeuUIfXKKOVicNxQ+o8JTbJvjS4M89yew==",
        "dependencies": {}
      },
      "fsevents@2.3.3": {
        "integrity": "sha512-5xoDfX+fL7faATnagmWPpbFtwh/R77WmMMqqHGS65C3vvB0YHrgF+B1YmZ3441tMj5n63k0212XNoJwzlhffQw==",
        "dependencies": {}
      },
      "function-bind@1.1.2": {
        "integrity": "sha512-7XHNxH7qX9xG5mIwxkhumTox/MIRNcOgDrxWsMt2pAr23WHp6MrRlN7FBSFpCpr+oVO0F744iUgR82nJMfG2SA==",
        "dependencies": {}
      },
      "glob-parent@5.1.2": {
        "integrity": "sha512-AOIgSQCepiJYwP3ARnGx+5VnTu2HBYdzbGP45eLw1vr3zB3vZLeyed1sC9hnbcOc9/SrMyM5RPQrkGz4aS9Zow==",
        "dependencies": {
          "is-glob": "is-glob@4.0.3"
        }
      },
      "hasown@2.0.2": {
        "integrity": "sha512-0hJU9SCPvmMzIBdZFqNPXWa6dqh7WdH0cII9y+CyS8rG3nL48Bclra9HmKhVVUHyPWNH5Y7xDwAB7bfgSjkUMQ==",
        "dependencies": {
          "function-bind": "function-bind@1.1.2"
        }
      },
      "immutable@4.3.6": {
        "integrity": "sha512-Ju0+lEMyzMVZarkTn/gqRpdqd5dOPaz1mCZ0SH3JV6iFw81PldE/PEB1hWVEA288HPt4WXW8O7AWxB10M+03QQ==",
        "dependencies": {}
      },
      "is-binary-path@2.1.0": {
        "integrity": "sha512-ZMERYes6pDydyuGidse7OsHxtbI7WVeUEozgR/g7rd0xUimYNlvZRE/K2MgZTjWy725IfelLeVcEM97mmtRGXw==",
        "dependencies": {
          "binary-extensions": "binary-extensions@2.3.0"
        }
      },
      "is-core-module@2.15.0": {
        "integrity": "sha512-Dd+Lb2/zvk9SKy1TGCt1wFJFo/MWBPMX5x7KcvLajWTGuomczdQX61PvY5yK6SVACwpoexWo81IfFyoKY2QnTA==",
        "dependencies": {
          "hasown": "hasown@2.0.2"
        }
      },
      "is-extglob@2.1.1": {
        "integrity": "sha512-SbKbANkN603Vi4jEZv49LeVJMn4yGwsbzZworEoyEiutsN3nJYdbO36zfhGJ6QEDpOZIFkDtnq5JRxmvl3jsoQ==",
        "dependencies": {}
      },
      "is-glob@4.0.3": {
        "integrity": "sha512-xelSayHH36ZgE7ZWhli7pW34hNbNl8Ojv5KVmkJD4hBdD3th8Tfk9vYasLM+mXWOZhFkgZfxhLSnrwRr4elSSg==",
        "dependencies": {
          "is-extglob": "is-extglob@2.1.1"
        }
      },
      "is-number@7.0.0": {
        "integrity": "sha512-41Cifkg6e8TylSpdtTpeLVMqvSBEVzTttHvERD741+pnZ8ANv0004MRL43QKPDlK9cGvNp6NZWZUBlbGXYxxng==",
        "dependencies": {}
      },
      "jsbi@4.3.0": {
        "integrity": "sha512-SnZNcinB4RIcnEyZqFPdGPVgrg2AcnykiBy0sHVJQKHYeaLUvi3Exj+iaPpLnFVkDPZIV4U0yvgC9/R4uEAZ9g==",
        "dependencies": {}
      },
      "linkify-it@5.0.0": {
        "integrity": "sha512-5aHCbzQRADcdP+ATqnDuhhJ/MRIqDkZX5pyjFHRRysS8vZ5AbqGEoFIb6pYHPZ+L/OC2Lc+xT8uHVVR5CAK/wQ==",
        "dependencies": {
          "uc.micro": "uc.micro@2.1.0"
        }
      },
      "markdown-it-attrs@4.1.6_markdown-it@14.1.0": {
        "integrity": "sha512-O7PDKZlN8RFMyDX13JnctQompwrrILuz2y43pW2GagcwpIIElkAdfeek+erHfxUOlXWPsjFeWmZ8ch1xtRLWpA==",
        "dependencies": {
          "markdown-it": "markdown-it@14.1.0"
        }
      },
      "markdown-it-deflist@3.0.0": {
        "integrity": "sha512-OxPmQ/keJZwbubjiQWOvKLHwpV2wZ5I3Smc81OjhwbfJsjdRrvD5aLTQxmZzzePeO0kbGzAo3Krk4QLgA8PWLg==",
        "dependencies": {}
      },
      "markdown-it@14.1.0": {
        "integrity": "sha512-a54IwgWPaeBCAAsv13YgmALOF1elABB08FxO9i+r4VFk5Vl4pKokRPeX8u5TCgSsPi6ec1otfLjdOpVcgbpshg==",
        "dependencies": {
          "argparse": "argparse@2.0.1",
          "entities": "entities@4.5.0",
          "linkify-it": "linkify-it@5.0.0",
          "mdurl": "mdurl@2.0.0",
          "punycode.js": "punycode.js@2.3.1",
          "uc.micro": "uc.micro@2.1.0"
        }
      },
      "mdurl@2.0.0": {
        "integrity": "sha512-Lf+9+2r+Tdp5wXDXC4PcIBjTDtq4UKjCPMQhKIuzpJNW0b96kVqSwW0bT7FhRSfmAiFYgP+SCRvdrDozfh0U5w==",
        "dependencies": {}
      },
      "meriyah@4.5.0": {
        "integrity": "sha512-Rbiu0QPIxTXgOXwiIpRVJfZRQ2FWyfzYrOGBs9SN5RbaXg1CN5ELn/plodwWwluX93yzc4qO/bNIen1ThGFCxw==",
        "dependencies": {}
      },
      "nanoid@3.3.7": {
        "integrity": "sha512-eSRppjcPIatRIMC1U6UngP8XFcz8MQWGQdt1MTBQ7NaAmvXDfvNxbvWV3x2y6CdEUciCSsDHDQZbhYaB8QEo2g==",
        "dependencies": {}
      },
      "node-releases@2.0.17": {
        "integrity": "sha512-Ww6ZlOiEQfPfXM45v17oabk77Z7mg5bOt7AjDyzy7RjK9OrLrLC8dyZQoAPEOtFX9SaNf1Tdvr5gRJWdTJj7GA==",
        "dependencies": {}
      },
      "normalize-path@3.0.0": {
        "integrity": "sha512-6eZs5Ls3WtCisHWp9S2GUy8dqkpGi4BVSz3GaqiE6ezub0512ESztXUwUB6C6IKbQkY2Pnb/mD4WYojCRwcwLA==",
        "dependencies": {}
      },
      "normalize-range@0.1.2": {
        "integrity": "sha512-bdok/XvKII3nUpklnV6P2hxtMNrCboOjAcyBuQnWEhO665FwrSNRxU+AqpsyvO6LgGYPspN+lu5CLtw4jPRKNA==",
        "dependencies": {}
      },
      "path-parse@1.0.7": {
        "integrity": "sha512-LDJzPVEEEPR+y48z93A0Ed0yXb8pAByGWo/k5YYdYgpY2/2EsOsksJrq7lOHxryrVOn1ejG6oAp8ahvOIQD8sw==",
        "dependencies": {}
      },
      "picocolors@1.0.1": {
        "integrity": "sha512-anP1Z8qwhkbmu7MFP5iTt+wQKXgwzf7zTyGlcdzabySa9vd0Xt392U0rVmz9poOaBj0uHJKyyo9/upk0HrEQew==",
        "dependencies": {}
      },
      "picomatch@2.3.1": {
        "integrity": "sha512-JU3teHTNjmE2VCGFzuY8EXzCDVwEqB2a8fsIvwaStHhAWJEeVd1o1QD80CU6+ZdEXXSLbSsuLwJjkCBWqRQUVA==",
        "dependencies": {}
      },
      "pify@2.3.0": {
        "integrity": "sha512-udgsAY+fTnvv7kI7aaxbqwWNb0AHiB0qBO89PZKPkoTmGOgdbrHDKD+0B2X4uTfJ/FT1R09r9gTsjUjNJotuog==",
        "dependencies": {}
      },
      "postcss-import@16.1.0_postcss@8.4.39": {
        "integrity": "sha512-7hsAZ4xGXl4MW+OKEWCnF6T5jqBw80/EE9aXg1r2yyn1RsVEU8EtKXbijEODa+rg7iih4bKf7vlvTGYR4CnPNg==",
        "dependencies": {
          "postcss": "postcss@8.4.39",
          "postcss-value-parser": "postcss-value-parser@4.2.0",
          "read-cache": "read-cache@1.0.0",
          "resolve": "resolve@1.22.8"
        }
      },
      "postcss-value-parser@4.2.0": {
        "integrity": "sha512-1NNCs6uurfkVbeXG4S8JFT9t19m45ICnif8zWLd5oPSZ50QnwMfK+H3jv408d4jw/7Bttv5axS5IiHoLaVNHeQ==",
        "dependencies": {}
      },
      "postcss@8.4.39": {
        "integrity": "sha512-0vzE+lAiG7hZl1/9I8yzKLx3aR9Xbof3fBHKunvMfOCYAtMhrsnccJY2iTURb9EZd5+pLuiNV9/c/GZJOHsgIw==",
        "dependencies": {
          "nanoid": "nanoid@3.3.7",
          "picocolors": "picocolors@1.0.1",
          "source-map-js": "source-map-js@1.2.0"
        }
      },
      "punycode.js@2.3.1": {
        "integrity": "sha512-uxFIHU0YlHYhDQtV4R9J6a52SLx28BCjT+4ieh7IGbgwVJWO+km431c4yRlREUAsAmt/uMjQUyQHNEPf0M39CA==",
        "dependencies": {}
      },
      "read-cache@1.0.0": {
        "integrity": "sha512-Owdv/Ft7IjOgm/i0xvNDZ1LrRANRfew4b2prF3OWMQLxLfu3bS8FVhCsrSCMK4lR56Y9ya+AThoTpDCTxCmpRA==",
        "dependencies": {
          "pify": "pify@2.3.0"
        }
      },
      "readdirp@3.6.0": {
        "integrity": "sha512-hOS089on8RduqdbhvQ5Z37A0ESjsqz6qnRcffsMU3495FuTdqSm+7bhJ29JvIOsBDEEnan5DPu9t3To9VRlMzA==",
        "dependencies": {
          "picomatch": "picomatch@2.3.1"
        }
      },
      "resolve@1.22.8": {
        "integrity": "sha512-oKWePCxqpd6FlLvGV1VU0x7bkPmmCNolxzjMf4NczoDnQcIWrAF+cPtZn5i6n+RfD2d9i0tzpKnG6Yk168yIyw==",
        "dependencies": {
          "is-core-module": "is-core-module@2.15.0",
          "path-parse": "path-parse@1.0.7",
          "supports-preserve-symlinks-flag": "supports-preserve-symlinks-flag@1.0.0"
        }
      },
      "sass@1.77.8": {
        "integrity": "sha512-4UHg6prsrycW20fqLGPShtEvo/WyHRVRHwOP4DzkUrObWoWI05QBSfzU71TVB7PFaL104TwNaHpjlWXAZbQiNQ==",
        "dependencies": {
          "chokidar": "chokidar@3.6.0",
          "immutable": "immutable@4.3.6",
          "source-map-js": "source-map-js@1.2.0"
        }
      },
      "source-map-js@1.2.0": {
        "integrity": "sha512-itJW8lvSA0TXEphiRoawsCksnlf8SyvmFzIhltqAHluXd88pkCd+cXJVHTDwdCr0IzwptSm035IHQktUu1QUMg==",
        "dependencies": {}
      },
      "source-map-support@0.5.21": {
        "integrity": "sha512-uBHU3L3czsIyYXKX88fdrGovxdSCoTGDRZ6SYXtSRxLZUzHg5P/66Ht6uoUlHu9EZod+inXhKo3qQgwXUT/y1w==",
        "dependencies": {
          "buffer-from": "buffer-from@1.1.2",
          "source-map": "source-map@0.6.1"
        }
      },
      "source-map@0.6.1": {
        "integrity": "sha512-UjgapumWlbMhkBgzT7Ykc5YXUT46F0iKu8SGXq0bcwP5dz/h0Plj6enJqjz1Zbq2l5WaqYnrVbwWOWMyF3F47g==",
        "dependencies": {}
      },
      "supports-preserve-symlinks-flag@1.0.0": {
        "integrity": "sha512-ot0WnXS9fgdkgIcePe6RHNk1WA8+muPa6cSjeR3V8K27q9BB1rTE3R1p7Hv0z1ZyAc8s6Vvv8DIyWf681MAt0w==",
        "dependencies": {}
      },
      "terser@5.31.3": {
        "integrity": "sha512-pAfYn3NIZLyZpa83ZKigvj6Rn9c/vd5KfYGX7cN1mnzqgDcxWvrU5ZtAfIKhEXz9nRecw4z3LXkjaq96/qZqAA==",
        "dependencies": {
          "@jridgewell/source-map": "@jridgewell/source-map@0.3.6",
          "acorn": "acorn@8.12.1",
          "commander": "commander@2.20.3",
          "source-map-support": "source-map-support@0.5.21"
        }
      },
      "to-regex-range@5.0.1": {
        "integrity": "sha512-65P7iz6X5yEr1cwcgvQxbbIw7Uk3gOy5dIdtZ4rDveLqhrdJP+Li/Hx6tyK0NEb+2GCyneCMJiGqrADCSNk8sQ==",
        "dependencies": {
          "is-number": "is-number@7.0.0"
        }
      },
      "tslib@2.6.3": {
        "integrity": "sha512-xNvxJEOUiWPGhUuUdQgAJPKOOJfGnIyKySOc09XkKsgdUV/3E2zvwZYdejjmRgPCgcym1juLH3226yA7sEFJKQ==",
        "dependencies": {}
      },
      "uc.micro@2.1.0": {
        "integrity": "sha512-ARDJmphmdvUk6Glw7y9DQ2bFkKBHwQHLi2lsaH6PPmz/Ka9sFOBsBluozhDltWmnv9u/cF6Rt87znRTPV+yp/A==",
        "dependencies": {}
      },
      "update-browserslist-db@1.1.0_browserslist@4.23.2": {
        "integrity": "sha512-EdRAaAyk2cUE1wOf2DkEhzxqOQvFOoRJFNS6NeyJ01Gp2beMRpBAINjM2iDXE3KCuKhwnvHIQCJm6ThL2Z+HzQ==",
        "dependencies": {
          "browserslist": "browserslist@4.23.2",
          "escalade": "escalade@3.1.2",
          "picocolors": "picocolors@1.0.1"
        }
      }
    }
  },
  "remote": {
    "https://cdn.jsdelivr.net/gh/lumeland/cms@v0.5.6/core/cms.ts": "2f27b7bd0f8ce019916a59a0c83901b2c811ac8ab44793cb628175dae271286a",
    "https://cdn.jsdelivr.net/gh/lumeland/cms@v0.5.6/core/collection.ts": "40140f12e66cdc0f075c7801084ba6d42c36fc09f87f0180e24dc3ba5b0f00be",
    "https://cdn.jsdelivr.net/gh/lumeland/cms@v0.5.6/core/document.ts": "94b85797dabc460dc40ae54554db42bafff2eeb103ed7a64565f82d7f975c6eb",
    "https://cdn.jsdelivr.net/gh/lumeland/cms@v0.5.6/core/routes/auth.ts": "c48e36a984a0dd18598cf95fd29cdd1fb4e64758353964bd7a3ffc4ad98dea74",
    "https://cdn.jsdelivr.net/gh/lumeland/cms@v0.5.6/core/routes/collection.ts": "0d83fc4bbab7d8f363bc2a86043d6d98f1b16c3d88b787db4a65fe89526fdea9",
    "https://cdn.jsdelivr.net/gh/lumeland/cms@v0.5.6/core/routes/document.ts": "2ea2958989a247830be88caaeecc092bcf52df00dc8979d31522ec4f555e2ee7",
    "https://cdn.jsdelivr.net/gh/lumeland/cms@v0.5.6/core/routes/files.ts": "7833e118804fa400f4a917e92c8de17d71af6ec7b3a50be12fb6b4edf23d529a",
    "https://cdn.jsdelivr.net/gh/lumeland/cms@v0.5.6/core/routes/index.ts": "d140a7577b88ab06a1a401e1a91334c6e56b8988adc6635443db822a5bf214e9",
    "https://cdn.jsdelivr.net/gh/lumeland/cms@v0.5.6/core/routes/versions.tsx": "dcfd34b50fb0be72078915ae484a6c23868366c0afcbdc88d7cb4c1910c161c1",
    "https://cdn.jsdelivr.net/gh/lumeland/cms@v0.5.6/core/templates/breadcrumb.ts": "4252e88ab5aec21ce7f460cdb7cd29fd17a88cdd676817a0c09a9a15cad4d290",
    "https://cdn.jsdelivr.net/gh/lumeland/cms@v0.5.6/core/templates/collection/create.ts": "b0824ff90214fc2ef6fcccf1a91d3a1a35f3b77a2dfb4b7927e0949fea944777",
    "https://cdn.jsdelivr.net/gh/lumeland/cms@v0.5.6/core/templates/collection/edit.ts": "c96ce089e48ae6ee0753064e74cb947da8f4b5b868330b7e68011d8b75bbd0da",
    "https://cdn.jsdelivr.net/gh/lumeland/cms@v0.5.6/core/templates/collection/list.ts": "95977d7d2d835f9059e1c31b4cfff5e9f5598f8adc6bba1092dfc6e1cc115062",
    "https://cdn.jsdelivr.net/gh/lumeland/cms@v0.5.6/core/templates/document/edit.ts": "efa72c6f8fbf6784eee5f7636525ab1db2a165ecdafcef38a85d9eabae339452",
    "https://cdn.jsdelivr.net/gh/lumeland/cms@v0.5.6/core/templates/index.ts": "8ab7e1fd7deac4fcab87cc389cb244223d9e2e6b731912c9a4ca2365a4b7d54b",
    "https://cdn.jsdelivr.net/gh/lumeland/cms@v0.5.6/core/templates/layout.ts": "66eba11ad9d466164ec7dd35aadb4640e82a3e51a4c27d3b47e40641879ebcfd",
    "https://cdn.jsdelivr.net/gh/lumeland/cms@v0.5.6/core/templates/notfound.ts": "c89b3b113a6cd847b7dfa6155688c01e8e53754e5f0548149971ae5da5c439cd",
    "https://cdn.jsdelivr.net/gh/lumeland/cms@v0.5.6/core/templates/tree.ts": "b99e66347519305d243cd4e4fbd04150e5ade1a6f51e9d0b6c383beacc90f966",
    "https://cdn.jsdelivr.net/gh/lumeland/cms@v0.5.6/core/templates/uploads/list.ts": "45205bdb2118e881490b8038cbcbd58dbc0e214985706ab49da3d45ef5abadbb",
    "https://cdn.jsdelivr.net/gh/lumeland/cms@v0.5.6/core/templates/uploads/view.ts": "ad5cc54795b0a1afbfb3447a5df62865de4650c3c7de12a7984fae6f6b5b865a",
    "https://cdn.jsdelivr.net/gh/lumeland/cms@v0.5.6/core/upload.ts": "9d68f3274bc480be0f5ffc4fc65b7c2354c5b269f70c1579dad9aaa964111728",
    "https://cdn.jsdelivr.net/gh/lumeland/cms@v0.5.6/core/utils/data.ts": "8c4c01cb04c1cf62e251bdab2dbc1efc3abb00f26732cef12c52fc817ae59874",
    "https://cdn.jsdelivr.net/gh/lumeland/cms@v0.5.6/core/utils/env.ts": "723cb01d9509e0942a32ff568314b5ac27152c94e0070dc0cd6a706c74f33a62",
    "https://cdn.jsdelivr.net/gh/lumeland/cms@v0.5.6/core/utils/event.ts": "a7915a3e6bf7b34c166ee3aefc8ca5aab1631de50e0d851f78d0e8c8d0c766d8",
    "https://cdn.jsdelivr.net/gh/lumeland/cms@v0.5.6/core/utils/path.ts": "a210f4dc0b040aa5fd6cf170640b79bd83315920ed7cd55b3382130b87e33487",
    "https://cdn.jsdelivr.net/gh/lumeland/cms@v0.5.6/core/utils/string.ts": "53c8f487947f89c3f5eacdafbfa7cf7c6bc6bd4321506bc62112bc7d96b9eb65",
    "https://cdn.jsdelivr.net/gh/lumeland/cms@v0.5.6/deps/hono.ts": "8bef517babad93e76e809fff57439c2bc47e9465bba50f6a558a12793cbd97c2",
    "https://cdn.jsdelivr.net/gh/lumeland/cms@v0.5.6/deps/std.ts": "4c4806da0a0bc3bfe00501f1c71643e30dd424260b275f7243535ad5d6a20998",
    "https://cdn.jsdelivr.net/gh/lumeland/cms@v0.5.6/fields/core.ts": "3a56e9145532a077a1ace5fd256901cf28b9fefdcb29228f8aec25c82c083b9f",
    "https://cdn.jsdelivr.net/gh/lumeland/cms@v0.5.6/mod.ts": "8c0e794889d779e84137f4d3b9673f5a5a1083777afdffa571d0a7af54ddceac",
    "https://cdn.jsdelivr.net/gh/lumeland/cms@v0.5.6/storage/fs.ts": "2d45319ce0ece128c6a86dbff4f18d392d07a641c0bf1b8d616b0ae4d63fec92",
    "https://cdn.jsdelivr.net/gh/lumeland/cms@v0.5.6/storage/transformers/front_matter.ts": "d357436c8fccf5aec59ec1ab63af08118863dd8d1f74cb5950dfde3700fa7c9e",
    "https://cdn.jsdelivr.net/gh/lumeland/cms@v0.5.6/storage/transformers/json.ts": "eb5d664be2042cc266a4fc737bbeeb1b4eb586e2beab8ca1965b07c2b066ee68",
    "https://cdn.jsdelivr.net/gh/lumeland/cms@v0.5.6/storage/transformers/mod.ts": "d828136358c98c93b45b5a1f1c7f383f9788ec47ede04bcb03de8ee0b19c2b3c",
    "https://cdn.jsdelivr.net/gh/lumeland/cms@v0.5.6/storage/transformers/yaml.ts": "87ce4b914a91ecec833558c29a5bbe8ca33f5cdf05141ba5e9c4e497aace561c",
    "https://cdn.jsdelivr.net/gh/lumeland/cms@v0.5.6/types.ts": "adde55f4ab5b670888991433f4e1a1f97900fc8f67cb2c9882c9a8e679f70a9b",
    "https://deno.land/std@0.114.0/_util/assert.ts": "2f868145a042a11d5ad0a3c748dcf580add8a0dbc0e876eaa0026303a5488f58",
    "https://deno.land/std@0.114.0/_util/os.ts": "dfb186cc4e968c770ab6cc3288bd65f4871be03b93beecae57d657232ecffcac",
    "https://deno.land/std@0.114.0/async/deadline.ts": "1d6ac7aeaee22f75eb86e4e105d6161118aad7b41ae2dd14f4cfd3bf97472b93",
    "https://deno.land/std@0.114.0/async/debounce.ts": "b2f693e4baa16b62793fd618de6c003b63228db50ecfe3bd51fc5f6dc0bc264b",
    "https://deno.land/std@0.114.0/async/deferred.ts": "ab60d46ba561abb3b13c0c8085d05797a384b9f182935f051dc67136817acdee",
    "https://deno.land/std@0.114.0/async/delay.ts": "f2d8ccaa8ebc26594bd8b0989edfd8a96257a714c1dee2fb54d986e5bdd840ac",
    "https://deno.land/std@0.114.0/async/mod.ts": "78425176fabea7bd1046ce3819fd69ce40da85c83e0f174d17e8e224a91f7d10",
    "https://deno.land/std@0.114.0/async/mux_async_iterator.ts": "62abff3af9ff619e8f2adc96fc70d4ca020fa48a50c23c13f12d02ed2b760dbe",
    "https://deno.land/std@0.114.0/async/pool.ts": "353ce4f91865da203a097aa6f33de8966340c91b6f4a055611c8c5d534afd12f",
    "https://deno.land/std@0.114.0/async/tee.ts": "3e9f2ef6b36e55188de16a667c702ace4ad0cf84e3720379160e062bf27348ad",
    "https://deno.land/std@0.114.0/http/server.ts": "46f616eac1ca0ea7b9fce97102d185a3d97ae7d7d3bbd635b74cefe05ed1cb37",
    "https://deno.land/std@0.114.0/path/_constants.ts": "1247fee4a79b70c89f23499691ef169b41b6ccf01887a0abd131009c5581b853",
    "https://deno.land/std@0.114.0/path/_interface.ts": "1fa73b02aaa24867e481a48492b44f2598cd9dfa513c7b34001437007d3642e4",
    "https://deno.land/std@0.114.0/path/_util.ts": "2e06a3b9e79beaf62687196bd4b60a4c391d862cfa007a20fc3a39f778ba073b",
    "https://deno.land/std@0.114.0/path/common.ts": "f41a38a0719a1e85aa11c6ba3bea5e37c15dd009d705bd8873f94c833568cbc4",
    "https://deno.land/std@0.114.0/path/glob.ts": "ea87985765b977cc284b92771003b2070c440e0807c90e1eb0ff3e095911a820",
    "https://deno.land/std@0.114.0/path/mod.ts": "4465dc494f271b02569edbb4a18d727063b5dbd6ed84283ff906260970a15d12",
    "https://deno.land/std@0.114.0/path/posix.ts": "34349174b9cd121625a2810837a82dd8b986bbaaad5ade690d1de75bbb4555b2",
    "https://deno.land/std@0.114.0/path/separator.ts": "8fdcf289b1b76fd726a508f57d3370ca029ae6976fcde5044007f062e643ff1c",
    "https://deno.land/std@0.114.0/path/win32.ts": "11549e8c6df8307a8efcfa47ad7b2a75da743eac7d4c89c9723a944661c8bd2e",
    "https://deno.land/x/deno_dom@v0.1.47/build/deno-wasm/deno-wasm.js": "d6841a06342eb6a2798ef28de79ad69c0f2fa349fa04d3ca45e5fcfbf50a9340",
    "https://deno.land/x/deno_dom@v0.1.47/deno-dom-wasm.ts": "0669396686fb207f1354af33df6aabe2189b4eceafdb1bf7f3d6bbb2637b6b03",
    "https://deno.land/x/deno_dom@v0.1.47/src/api.ts": "0ff5790f0a3eeecb4e00b7d8fbfa319b165962cf6d0182a65ba90f158d74f7d7",
    "https://deno.land/x/deno_dom@v0.1.47/src/constructor-lock.ts": "0e7b297e8b9cf921a3b0d3a692ec5fb462c5afc47ec554292e20090b9e16b40a",
    "https://deno.land/x/deno_dom@v0.1.47/src/deserialize.ts": "1cf4096678d8afed8ed28dbad690504c4d2c28149ba768b26eacd1416873425b",
    "https://deno.land/x/deno_dom@v0.1.47/src/dom/document-fragment.ts": "1c7352a3c816587ed7fad574b42636198f680f17abc3836fcfe7799b31e7718f",
    "https://deno.land/x/deno_dom@v0.1.47/src/dom/document.ts": "0b07049fd614c1d460240d1bf3e051084a58105e54887af90f45bc615965f1c6",
    "https://deno.land/x/deno_dom@v0.1.47/src/dom/dom-parser.ts": "784ee0e766d4a01e14420f328053fd3a0016c6b40ee442edc3ae80f5d9777927",
    "https://deno.land/x/deno_dom@v0.1.47/src/dom/element.ts": "d1a006e4f7cd1eb050838a96ba93a254e5cf4136236c6454ab6e8ffedcf395fd",
    "https://deno.land/x/deno_dom@v0.1.47/src/dom/elements/html-template-element.ts": "740b97a5378c9a14cccf3429299846eda240b613013e2d2d7f20b393897453c2",
    "https://deno.land/x/deno_dom@v0.1.47/src/dom/html-collection.ts": "eedc0b097612ef420d975df6924850a36a4829b35aafa4c92078609a15a52f08",
    "https://deno.land/x/deno_dom@v0.1.47/src/dom/node-list.ts": "aa5d4c2297fadfb1b392ffa0e5c33a6fb8c198e8875bb853c2fc3fc49807701d",
    "https://deno.land/x/deno_dom@v0.1.47/src/dom/node.ts": "4ee9bc98f1d5b31a9a36674a9f3e1d6e25b9125b1532c42f84c4624816fe8435",
    "https://deno.land/x/deno_dom@v0.1.47/src/dom/selectors/custom-api.ts": "852696bd58e534bc41bd3be9e2250b60b67cd95fd28ed16b1deff1d548531a71",
    "https://deno.land/x/deno_dom@v0.1.47/src/dom/selectors/nwsapi-types.ts": "c43b36c36acc5d32caabaa54fda8c9d239b2b0fcbce9a28efb93c84aa1021698",
    "https://deno.land/x/deno_dom@v0.1.47/src/dom/selectors/nwsapi.js": "985d7d8fc1eabbb88946b47a1c44c1b2d4aa79ff23c21424219f1528fa27a2ff",
    "https://deno.land/x/deno_dom@v0.1.47/src/dom/selectors/selectors.ts": "83eab57be2290fb48e3130533448c93c6c61239f2a2f3b85f1917f80ca0fdc75",
    "https://deno.land/x/deno_dom@v0.1.47/src/dom/selectors/sizzle-types.ts": "78149e2502409989ce861ed636b813b059e16bc267bb543e7c2b26ef43e4798b",
    "https://deno.land/x/deno_dom@v0.1.47/src/dom/selectors/sizzle.js": "c3aed60c1045a106d8e546ac2f85cc82e65f62d9af2f8f515210b9212286682a",
    "https://deno.land/x/deno_dom@v0.1.47/src/dom/utils-types.ts": "96db30e3e4a75b194201bb9fa30988215da7f91b380fca6a5143e51ece2a8436",
    "https://deno.land/x/deno_dom@v0.1.47/src/dom/utils.ts": "4c6206516fb8f61f37a209c829e812c4f5a183e46d082934dd14c91bde939263",
    "https://deno.land/x/deno_dom@v0.1.47/src/parser.ts": "e06b2300d693e6ae7564e53dfa5c9a9e97fdb8c044c39c52c8b93b5d60860be3",
    "https://deno.land/x/denoflate@1.2.1/mod.ts": "f5628e44b80b3d80ed525afa2ba0f12408e3849db817d47a883b801f9ce69dd6",
    "https://deno.land/x/denoflate@1.2.1/pkg/denoflate.js": "b9f9ad9457d3f12f28b1fb35c555f57443427f74decb403113d67364e4f2caf4",
    "https://deno.land/x/denoflate@1.2.1/pkg/denoflate_bg.wasm.js": "d581956245407a2115a3d7e8d85a9641c032940a8e810acbd59ca86afd34d44d",
    "https://deno.land/x/esbuild@v0.23.0/mod.js": "46f2e569b50e4d1f1b379b2f9785a9b9437d52911b849df8797d9ca40ce3e1c9",
    "https://deno.land/x/lume@v2.2.4/cli/create.ts": "f4173fd79c6a97480839e1bd47a0ec8c79de1f24d2e92c83baad637c476c9c01",
    "https://deno.land/x/lume@v2.2.4/cli/run.ts": "6f60a8c03b085ed71e67c595d02428259526db6095f41389d3933d98433e9f0c",
    "https://deno.land/x/lume@v2.2.4/core/component_loader.ts": "da80bf80a168d0b91b59eb3449fbf62627d8bf67879df34e71970616d47ce2ec",
    "https://deno.land/x/lume@v2.2.4/core/data_loader.ts": "8698a9e9b1aac27147dc835ba89a0e30828c81338eceae86630607d78f146215",
    "https://deno.land/x/lume@v2.2.4/core/events.ts": "e4fd1786eb7dd4a041d7d922779b9edf1ee89e51fd17ba5e756f380879ccb557",
    "https://deno.land/x/lume@v2.2.4/core/file.ts": "d8d340e53ad9c0515ce676ada5586423556f986b999737cadcc3d62b102e7c1e",
    "https://deno.land/x/lume@v2.2.4/core/formats.ts": "24d9f5ccf384b2474f457cc0d3855e6ad411ded0d6acf4afe36547ba93fc706f",
    "https://deno.land/x/lume@v2.2.4/core/fs.ts": "28e4eb4da6809f8128ce0f1d79a35c405403d10dad223b49faf21d356cef3205",
    "https://deno.land/x/lume@v2.2.4/core/loaders/binary.ts": "bb1e1cf3faac49f6007dc6814168dc0f633da17356db18e68862e4b2a87a3f33",
    "https://deno.land/x/lume@v2.2.4/core/loaders/json.ts": "632e840340edf7d79091fb37474a1cbf86dd2d218090fb6f6c0420f5f5e9c2ce",
    "https://deno.land/x/lume@v2.2.4/core/loaders/mod.ts": "148404b9a9112361918177fcec1456e3e1ccc59baa3812043b6b3dffebbd958d",
    "https://deno.land/x/lume@v2.2.4/core/loaders/module.ts": "abcb210fa6724b83407407cd0f7ef90462b35a2017bc135a3d124dd7f38843f6",
    "https://deno.land/x/lume@v2.2.4/core/loaders/text.ts": "42860fc3482651fa6cfba18a734bb548d6e6e1163bf1015c2abc447ab150acbd",
    "https://deno.land/x/lume@v2.2.4/core/loaders/toml.ts": "72ddfef2deea62815c28e27faa2c5356e09b3109e9547e47a6defea3d3332452",
    "https://deno.land/x/lume@v2.2.4/core/loaders/yaml.ts": "241dc41fbe51b92e38dc748eda614c35d80fb8c63a6d40253453c6bb78c9c47e",
    "https://deno.land/x/lume@v2.2.4/core/processors.ts": "ce9b97307740723afd86d1773e946981a96769189ba6acd649b412e48552045d",
    "https://deno.land/x/lume@v2.2.4/core/renderer.ts": "b1879895f7544326e61e95a6413689975e79eabae0c48ca5912f06d2b4afde43",
    "https://deno.land/x/lume@v2.2.4/core/scopes.ts": "dbdf93d7a9cead84833779e974f190b1379356ec7c0ccd34aa92f917c2cdd2f9",
    "https://deno.land/x/lume@v2.2.4/core/scripts.ts": "286969b120d2290ba57a7fdd9b37e587aacf4e4162d92f51f1f1e9e18c864f30",
    "https://deno.land/x/lume@v2.2.4/core/searcher.ts": "db2ba1841be3bf71c51c9c316fc5ea2f8be9ba71b74347c303ae569e7076cab9",
    "https://deno.land/x/lume@v2.2.4/core/server.ts": "1d8b465bd9ee345cf7332450727709c5ef5babe305cabda3a15efe3f1c73f4b6",
    "https://deno.land/x/lume@v2.2.4/core/site.ts": "b88d6b68f92534dd01baa98b4baaf9dcc228f41bdd53e9337b40539126356007",
    "https://deno.land/x/lume@v2.2.4/core/source.ts": "5b866c68c7275e9fd195c0461b2f7c8907bf3772b4bd4bbe332b21613623a8ae",
    "https://deno.land/x/lume@v2.2.4/core/utils/cli_options.ts": "0e48094ef8b89502c53fa597e01238c2ca972f65d2b9b219cca42a3988cba3c6",
    "https://deno.land/x/lume@v2.2.4/core/utils/concurrent.ts": "cb0775b3d95f3faa356aa3a3e489dccef8807ed93cc4f84fcf5bc81e87c29504",
    "https://deno.land/x/lume@v2.2.4/core/utils/date.ts": "b989369496b9a6fba04cf1dee7f58f157911ae273aa3ca16abf9a047e4e091c2",
    "https://deno.land/x/lume@v2.2.4/core/utils/digest.ts": "445b387983391af73269686292a65bb677119a25a327776885ff1242a9397ad8",
    "https://deno.land/x/lume@v2.2.4/core/utils/dom.ts": "d406fb5c48ceb012286d0aff66ef635261eda666de2ce07538c0cf9366b8fecd",
    "https://deno.land/x/lume@v2.2.4/core/utils/env.ts": "d2440f14ad27e65b0a42b35a52f59ccce0430dd52950bd5df103bb1c9ba1a4a7",
    "https://deno.land/x/lume@v2.2.4/core/utils/generator.ts": "1e664e9fd4c469e38a0acf5c94fd49dac4f38cb6334563ea4b7fc498b5958877",
    "https://deno.land/x/lume@v2.2.4/core/utils/log.ts": "c04df547a673aaecaaeb1f5d90f2a973c1cca9e4545353e94b3cd0074a8ec2b4",
    "https://deno.land/x/lume@v2.2.4/core/utils/lume_config.ts": "344bafe9bdd5b69b44d3106de90cbd822dcc21f2916261dddde7eb2b94f336b1",
    "https://deno.land/x/lume@v2.2.4/core/utils/merge_data.ts": "f4771c4f027b17487bf9a33bc2b04701a97f0578fd4a7feb31809cc119e5ee63",
    "https://deno.land/x/lume@v2.2.4/core/utils/object.ts": "e00ee6e91264064772c87e69e128a09ba0e30c2c41be4a5302881f59f456fc31",
    "https://deno.land/x/lume@v2.2.4/core/utils/page_date.ts": "096b21d1832c74bc338c8d8d8762f1f5106259b73e6b2caa72fb50986d4f1f5b",
    "https://deno.land/x/lume@v2.2.4/core/utils/page_url.ts": "99da7e9e2b8ba0aebb4412ef7d4e1c89bc47ac4c59e34db4a9a4f4108812f4ca",
    "https://deno.land/x/lume@v2.2.4/core/utils/path.ts": "a7bae3ad1ff3c9d1d838b044c9d4d4a0410f657cde493f090241345429e833f2",
    "https://deno.land/x/lume@v2.2.4/core/utils/read.ts": "e096b1f37f8f0a6820e6ee00af1832d133598d55c961b226d057a5467207c5cd",
    "https://deno.land/x/lume@v2.2.4/core/watcher.ts": "2487018b7b860fec08194b6b46ca3793852e2bf72ac9479ef513624b085becdc",
    "https://deno.land/x/lume@v2.2.4/core/writer.ts": "381004fb3d7b1fc3791177d55ce7693d2e3ff34a19df20cc6b10e3b5a8bb07ec",
    "https://deno.land/x/lume@v2.2.4/deps/base64.ts": "5bf02bac524d4e89773d4694648cfdb67d2d0d540bc4bc357978bc42cfd8a363",
    "https://deno.land/x/lume@v2.2.4/deps/cli.ts": "e34b3d46e76d008815e9304d47daa4cf1a46c19c392fab07ac645af21556a6e3",
    "https://deno.land/x/lume@v2.2.4/deps/colors.ts": "5e66e72b2a8b3fd4ac02852242d70a6626bc9714c2943f57ed1d88eecb175e54",
    "https://deno.land/x/lume@v2.2.4/deps/crypto.ts": "c7535e67f58cff572e68a75034904eef811a38018c10334bfb1ba66585c36272",
    "https://deno.land/x/lume@v2.2.4/deps/dom.ts": "7f47d1462127c62ecc8571434fe55639a5a3936ecb8b38476cf560e2b1283da2",
    "https://deno.land/x/lume@v2.2.4/deps/front_matter.ts": "4f8e04bdc087178bb0e9d7bdf1bb16e96ed72eef6eb74b5fd607cb747ab2adc6",
    "https://deno.land/x/lume@v2.2.4/deps/fs.ts": "25931f53810dfa7780b9edecd8f47b88f7a8037377de78d7c1bd659d1d3de5e7",
    "https://deno.land/x/lume@v2.2.4/deps/hex.ts": "14e7b73249f30c0f972a69bffd4a5a50b8c845fa48519cbbbb0af0b90876432c",
    "https://deno.land/x/lume@v2.2.4/deps/http.ts": "ed5acf3edccd6fed92572e40d4b8db5268722c760107283da0cdd78d9a462f68",
    "https://deno.land/x/lume@v2.2.4/deps/jsonc.ts": "00f38fabf366ceb34cd7ad8764336b873d158b982e46db76dc3c3c2be3cba2bf",
    "https://deno.land/x/lume@v2.2.4/deps/log.ts": "d0b57a4e126597580e4815da6b204b6f1d88cc1ccd8b8c7938ff5722ade4df9b",
    "https://deno.land/x/lume@v2.2.4/deps/markdown_it.ts": "5da22a23e59f86bb7f0a0aa7c9cb9012a2444b8c3a0896d92a07492626a8c21f",
    "https://deno.land/x/lume@v2.2.4/deps/path.ts": "3790d802bc4fea222223896ae9cf87455664b707b891b24922cd1ee461ba02c4",
    "https://deno.land/x/lume@v2.2.4/deps/postcss.ts": "9fe7e6f73c51059622be9ee1afd80d7aa59b075c8434bf1e4223cf61887986f5",
    "https://deno.land/x/lume@v2.2.4/deps/sass.ts": "f71337c96dc08851b1cbe9e95e796246368e1c4a32f81d6c41df37df1a7cbd96",
    "https://deno.land/x/lume@v2.2.4/deps/temporal.ts": "1958b134c4186b0ab39316fa33ba19d1a4203e2ea445080429d60d296b91a552",
    "https://deno.land/x/lume@v2.2.4/deps/terser.ts": "09b261fb9f41ec97d82a824618fe721018edf82e0a2ab8c5353a836929ba1fd8",
    "https://deno.land/x/lume@v2.2.4/deps/toml.ts": "944a3d075d15d0330a1782e239cb945c86f1f1b47f0db4fed5b8bc5ec282a6e6",
    "https://deno.land/x/lume@v2.2.4/deps/vento.ts": "18e72865672eb5e7203e31e6f5df61ef411a13c468ecf59029e4c459869ef091",
    "https://deno.land/x/lume@v2.2.4/deps/yaml.ts": "71d13bb27017f35e521be92ae8b32e17eec118c1141e88790bbc6516983b3692",
    "https://deno.land/x/lume@v2.2.4/middlewares/not_found.ts": "0fcd2da81a9573faf3f6f650f8e126ab5600bf0dd0b49b211303274b5d9afa4e",
    "https://deno.land/x/lume@v2.2.4/mod.ts": "0f7afe1e73472bee8fb6dc21d616f9c055a1cffd3a3744f2005b8a6ccfbf8aed",
    "https://deno.land/x/lume@v2.2.4/plugins/json.ts": "f6429bbd865e3666ef3385fd205fcc92df02ca2c0f74f20baa5c0798a81e1642",
    "https://deno.land/x/lume@v2.2.4/plugins/markdown.ts": "b0f224dcffa0abeb30af178d7ec21f50515c2a7ccd42a3347aac3bea53c4ca27",
    "https://deno.land/x/lume@v2.2.4/plugins/modules.ts": "19a66398a5494f506458e48b8443a7c4700b7577e8fcc0818c39b1d0530c8950",
    "https://deno.land/x/lume@v2.2.4/plugins/paginate.ts": "e86617ec1ad491c86bc4866db41f070a6b393e8c2ac94ed28a51ca309f88477d",
    "https://deno.land/x/lume@v2.2.4/plugins/postcss.ts": "190a4e5f6c4fd19d664e8b8d41ba9050ea38d5063bc5eeda99eed5b137ebdd86",
    "https://deno.land/x/lume@v2.2.4/plugins/sass.ts": "18f581816c99f6b187535f9cf069ce7a716c7114be422bdbc124c133bc71512b",
    "https://deno.land/x/lume@v2.2.4/plugins/search.ts": "8ec3a8f082b8ff1532bbe8f8bf76dfaa2d0feab7c2ec5c824d0ccc044c26f640",
    "https://deno.land/x/lume@v2.2.4/plugins/source_maps.ts": "48217e4adf236e51e11d973a257140de465dbd8fb2a78c6f26ed782c07a16279",
    "https://deno.land/x/lume@v2.2.4/plugins/terser.ts": "f3b452644d698e40ad4cc5c642b0aa162b02ca720783de09996f558d2cf02e1d",
    "https://deno.land/x/lume@v2.2.4/plugins/toml.ts": "60191e1e8fd0922def0b3f0eaad13988217511571a54659481759db4b0ca4f82",
    "https://deno.land/x/lume@v2.2.4/plugins/url.ts": "3d298886cb16e1110d427d2f257de6c2ae0da3cd7076b6abcbbd41e7536ed094",
    "https://deno.land/x/lume@v2.2.4/plugins/vento.ts": "d4a1d30c403e0978cdb888fec156d262a60ab40cd73cedfe13d210824ce5d881",
    "https://deno.land/x/lume@v2.2.4/plugins/yaml.ts": "21b1604304240d4de42b2ba0fcfd81b8330fcff8b365a1ee4ff164de6ef3de75",
    "https://deno.land/x/lume@v2.2.4/types.ts": "516bec311f10083c5b1d8109e8afd17f02b49cc62c45dca53706f286cb855dba",
    "https://deno.land/x/vento@v1.12.10/deps.ts": "65b1f0943c280aa0f1e35b2d52be64e699550d933f17d192cd7db8af4163835a",
    "https://deno.land/x/vento@v1.12.10/mod.ts": "296c9cc4253c1b88a94fc630a05d9a12947a908966f2db43968141f1c282a7d6",
    "https://deno.land/x/vento@v1.12.10/plugins/echo.ts": "0c9de6b508ebf79908ecdaf406757bf0a86ab960bf527a51c6523445fc2d66d2",
    "https://deno.land/x/vento@v1.12.10/plugins/escape.ts": "22754819f9a8437ecb4de0df1d3513c5b92fd6be74274d344d9750811030b181",
    "https://deno.land/x/vento@v1.12.10/plugins/export.ts": "4cda1bd2d7e28e6d23382a64a6d72e7340bef07fcbc32f604a4705c148b914f1",
    "https://deno.land/x/vento@v1.12.10/plugins/for.ts": "d79b7ed3414bc0a70430c95ed2795eb16d898dd2ccf6b40792f2333f1f272fcd",
    "https://deno.land/x/vento@v1.12.10/plugins/function.ts": "24c33bf586844ff8940daac2535dcae7f5ce39b443e795ebf16a2c23694850bf",
    "https://deno.land/x/vento@v1.12.10/plugins/if.ts": "f992b1f599be11eafaa15bf607eee467ffd4276dec145d7b73cd24c0c6920631",
    "https://deno.land/x/vento@v1.12.10/plugins/import.ts": "c36710067e1ea4074097b139c95d001fc1a2e759e05f1346da068405657924b4",
    "https://deno.land/x/vento@v1.12.10/plugins/include.ts": "d93d330d3df25a5cfcc34e85c3e6685214280792f3242064e50c94748acfb1f4",
    "https://deno.land/x/vento@v1.12.10/plugins/js.ts": "68d78ef2fc7a981d1f124f2f91830135ad46fcbd4dde7d5464cb5103c9293a5e",
    "https://deno.land/x/vento@v1.12.10/plugins/layout.ts": "da84978f0639e95e472edddc2f9837757c28113a04dbe67399087c3a4d14780e",
    "https://deno.land/x/vento@v1.12.10/plugins/set.ts": "8e0868ef63cbb005f1dc6541cfb2f7b905426237aad1e509f5b724d58975de4a",
    "https://deno.land/x/vento@v1.12.10/plugins/trim.ts": "93bce5e32aac9fd1dc4e7acf0278438d710cd1f61f80ce3af719a06cca7f2e3d",
    "https://deno.land/x/vento@v1.12.10/plugins/unescape.ts": "dd2d9dbd116b68004f11ab17c9daaf9378ee14300c2d0ec8f422df09d41462ba",
    "https://deno.land/x/vento@v1.12.10/src/environment.ts": "22cf5742cbc968a4be5982bb38eabbf61bcd818b9bf971bd8eabb2e904d0162a",
    "https://deno.land/x/vento@v1.12.10/src/js.ts": "c4ac5e2b2cd2995523d3167c5708c424686fd30d2d3951ff965a76dbdfb74e37",
    "https://deno.land/x/vento@v1.12.10/src/loader.ts": "c05add67f582e937ee611852075ce2cc038b5e80e3e609eef96fa5ed74a5086c",
    "https://deno.land/x/vento@v1.12.10/src/tokenizer.ts": "e7830fbc644a3b30cf852d0685f9797e4826ad399a3e0277beebce577b54934c",
    "https://deno.land/x/vento@v1.12.10/src/transformer.ts": "587a0b107a2bd1437a3093c4c44c07e4fdf3abfaaf8e845767b69bd34a039154"
  }
}
